
Microsoft Visual Studio Solution File, Format Version 12.00
Project("{FAE04EC0-301F-11D3-BF4B-00C04F79EFBC}") = "tko-example", "tko-example.csproj", "{57772977-33A1-4502-A3C6-3414C9C77389}"
EndProject
Global
	GlobalSection(SolutionConfigurationPlatforms) = preSolution
		Debug|Any CPU = Debug|Any CPU
		Release|Any CPU = Release|Any CPU
	EndGlobalSection
	GlobalSection(ProjectConfigurationPlatforms) = postSolution
		{57772977-33A1-4502-A3C6-3414C9C77389}.Debug|Any CPU.ActiveCfg = Debug|Any CPU
		{57772977-33A1-4502-A3C6-3414C9C77389}.Debug|Any CPU.Build.0 = Debug|Any CPU
		{57772977-33A1-4502-A3C6-3414C9C77389}.Release|Any CPU.ActiveCfg = Release|Any CPU
		{57772977-33A1-4502-A3C6-3414C9C77389}.Release|Any CPU.Build.0 = Release|Any CPU
	EndGlobalSection
EndGlobal
